
Microsoft Visual Studio Solution File, Format Version 12.00
# Visual Studio Version 17
VisualStudioVersion = 17.5.002.0
MinimumVisualStudioVersion = 10.0.40219.1
Project("{9A19103F-16F7-4668-BE54-9A1E7A4F7556}") = "myWebApp", "myWebApp.csproj", "{6F959B88-E766-43C2-9FBD-0D28886DFE34}"
EndProject
Global
	GlobalSection(SolutionConfigurationPlatforms) = preSolution
		Debug|Any CPU = Debug|Any CPU
		Release|Any CPU = Release|Any CPU
	EndGlobalSection
	GlobalSection(ProjectConfigurationPlatforms) = postSolution
		{6F959B88-E766-43C2-9FBD-0D28886DFE34}.Debug|Any CPU.ActiveCfg = Debug|Any CPU
		{6F959B88-E766-43C2-9FBD-0D28886DFE34}.Debug|Any CPU.Build.0 = Debug|Any CPU
		{6F959B88-E766-43C2-9FBD-0D28886DFE34}.Release|Any CPU.ActiveCfg = Release|Any CPU
		{6F959B88-E766-43C2-9FBD-0D28886DFE34}.Release|Any CPU.Build.0 = Release|Any CPU
	EndGlobalSection
	GlobalSection(SolutionProperties) = preSolution
		HideSolutionNode = FALSE
	EndGlobalSection
	GlobalSection(ExtensibilityGlobals) = postSolution
		SolutionGuid = {9C64EDEE-85F4-4212-9ECE-00C5D77A9D9D}
	EndGlobalSection
EndGlobal
